// !$*UTF8*$!
{
	archiveVersion = 1;
	classes = {
	};
	objectVersion = 56;
	objects = {

/* Begin PBXBuildFile section */
		5F196FD22B59042300E3D660 /* AccessibilityText.swift in Sources */ = {isa = PBXBuildFile; fileRef = 5F196FD12B59042300E3D660 /* AccessibilityText.swift */; };
		5F1B5AAF2B67AEB500A8F73D /* NaviStack.swift in Sources */ = {isa = PBXBuildFile; fileRef = 5F1B5AAE2B67AEB500A8F73D /* NaviStack.swift */; };
		5F1B5AB12B67B7BB00A8F73D /* NaviDestination.swift in Sources */ = {isa = PBXBuildFile; fileRef = 5F1B5AB02B67B7BB00A8F73D /* NaviDestination.swift */; };
		5F1B5AB32B67B8E400A8F73D /* NaviDestinationForBoolean.swift in Sources */ = {isa = PBXBuildFile; fileRef = 5F1B5AB22B67B8E400A8F73D /* NaviDestinationForBoolean.swift */; };
		5F343A8E2B56889B0032E8A4 /* AlertActionButton.swift in Sources */ = {isa = PBXBuildFile; fileRef = 5F343A8D2B56889B0032E8A4 /* AlertActionButton.swift */; };
		5FB02EE42B57B55F007AEACB /* ActionSheet.swift in Sources */ = {isa = PBXBuildFile; fileRef = 5FB02EE32B57B55F007AEACB /* ActionSheet.swift */; };
		5FB02EE62B57B683007AEACB /* ActionSheet2.swift in Sources */ = {isa = PBXBuildFile; fileRef = 5FB02EE52B57B683007AEACB /* ActionSheet2.swift */; };
		5FD5C9452B6CC81A00A3E453 /* Todolist.swift in Sources */ = {isa = PBXBuildFile; fileRef = 5FD5C9442B6CC81A00A3E453 /* Todolist.swift */; };
		5FD5C9472B6CC93500A3E453 /* ListView.swift in Sources */ = {isa = PBXBuildFile; fileRef = 5FD5C9462B6CC93500A3E453 /* ListView.swift */; };
		5FFAF3682B554D7F004F9DDC /* SwiftUIApp.swift in Sources */ = {isa = PBXBuildFile; fileRef = 5FFAF3672B554D7F004F9DDC /* SwiftUIApp.swift */; };
		5FFAF36A2B554D7F004F9DDC /* ContentView.swift in Sources */ = {isa = PBXBuildFile; fileRef = 5FFAF3692B554D7F004F9DDC /* ContentView.swift */; };
		5FFAF36C2B554D81004F9DDC /* Assets.xcassets in Resources */ = {isa = PBXBuildFile; fileRef = 5FFAF36B2B554D81004F9DDC /* Assets.xcassets */; };
		5FFAF36F2B554D81004F9DDC /* Preview Assets.xcassets in Resources */ = {isa = PBXBuildFile; fileRef = 5FFAF36E2B554D81004F9DDC /* Preview Assets.xcassets */; };
		5FFAF3762B55502A004F9DDC /* AlertAction.swift in Sources */ = {isa = PBXBuildFile; fileRef = 5FFAF3752B55502A004F9DDC /* AlertAction.swift */; };
/* End PBXBuildFile section */

/* Begin PBXFileReference section */
		5F196FD12B59042300E3D660 /* AccessibilityText.swift */ = {isa = PBXFileReference; lastKnownFileType = sourcecode.swift; path = AccessibilityText.swift; sourceTree = "<group>"; };
		5F1B5AAE2B67AEB500A8F73D /* NaviStack.swift */ = {isa = PBXFileReference; lastKnownFileType = sourcecode.swift; path = NaviStack.swift; sourceTree = "<group>"; };
		5F1B5AB02B67B7BB00A8F73D /* NaviDestination.swift */ = {isa = PBXFileReference; lastKnownFileType = sourcecode.swift; path = NaviDestination.swift; sourceTree = "<group>"; };
		5F1B5AB22B67B8E400A8F73D /* NaviDestinationForBoolean.swift */ = {isa = PBXFileReference; lastKnownFileType = sourcecode.swift; path = NaviDestinationForBoolean.swift; sourceTree = "<group>"; };
		5F343A8D2B56889B0032E8A4 /* AlertActionButton.swift */ = {isa = PBXFileReference; lastKnownFileType = sourcecode.swift; path = AlertActionButton.swift; sourceTree = "<group>"; };
		5FB02EE32B57B55F007AEACB /* ActionSheet.swift */ = {isa = PBXFileReference; lastKnownFileType = sourcecode.swift; path = ActionSheet.swift; sourceTree = "<group>"; };
		5FB02EE52B57B683007AEACB /* ActionSheet2.swift */ = {isa = PBXFileReference; lastKnownFileType = sourcecode.swift; path = ActionSheet2.swift; sourceTree = "<group>"; };
		5FD5C9442B6CC81A00A3E453 /* Todolist.swift */ = {isa = PBXFileReference; lastKnownFileType = sourcecode.swift; path = Todolist.swift; sourceTree = "<group>"; };
		5FD5C9462B6CC93500A3E453 /* ListView.swift */ = {isa = PBXFileReference; lastKnownFileType = sourcecode.swift; path = ListView.swift; sourceTree = "<group>"; };
		5FFAF3642B554D7F004F9DDC /* 100DaysOfSwiftUI.app */ = {isa = PBXFileReference; explicitFileType = wrapper.application; includeInIndex = 0; path = 100DaysOfSwiftUI.app; sourceTree = BUILT_PRODUCTS_DIR; };
		5FFAF3672B554D7F004F9DDC /* SwiftUIApp.swift */ = {isa = PBXFileReference; lastKnownFileType = sourcecode.swift; path = SwiftUIApp.swift; sourceTree = "<group>"; };
		5FFAF3692B554D7F004F9DDC /* ContentView.swift */ = {isa = PBXFileReference; lastKnownFileType = sourcecode.swift; path = ContentView.swift; sourceTree = "<group>"; };
		5FFAF36B2B554D81004F9DDC /* Assets.xcassets */ = {isa = PBXFileReference; lastKnownFileType = folder.assetcatalog; path = Assets.xcassets; sourceTree = "<group>"; };
		5FFAF36E2B554D81004F9DDC /* Preview Assets.xcassets */ = {isa = PBXFileReference; lastKnownFileType = folder.assetcatalog; path = "Preview Assets.xcassets"; sourceTree = "<group>"; };
		5FFAF3752B55502A004F9DDC /* AlertAction.swift */ = {isa = PBXFileReference; lastKnownFileType = sourcecode.swift; path = AlertAction.swift; sourceTree = "<group>"; };
/* End PBXFileReference section */

/* Begin PBXFrameworksBuildPhase section */
		5FFAF3612B554D7F004F9DDC /* Frameworks */ = {
			isa = PBXFrameworksBuildPhase;
			buildActionMask = 2147483647;
			files = (
			);
			runOnlyForDeploymentPostprocessing = 0;
		};
/* End PBXFrameworksBuildPhase section */

/* Begin PBXGroup section */
		5F196FD02B59038F00E3D660 /* Accessibility */ = {
			isa = PBXGroup;
			children = (
				5F196FD12B59042300E3D660 /* AccessibilityText.swift */,
			);
			path = Accessibility;
			sourceTree = "<group>";
		};
		5F1B5AAA2B67A8FD00A8F73D /* @observableObject */ = {
			isa = PBXGroup;
			children = (
			);
			path = "@observableObject";
			sourceTree = "<group>";
		};
		5F1B5AAD2B67AE5E00A8F73D /* NavigationStack */ = {
			isa = PBXGroup;
			children = (
				5F1B5AAE2B67AEB500A8F73D /* NaviStack.swift */,
				5F1B5AB02B67B7BB00A8F73D /* NaviDestination.swift */,
				5F1B5AB22B67B8E400A8F73D /* NaviDestinationForBoolean.swift */,
			);
			path = NavigationStack;
			sourceTree = "<group>";
		};
		5FB02EE22B57B525007AEACB /* ActionSheet */ = {
			isa = PBXGroup;
			children = (
				5FB02EE32B57B55F007AEACB /* ActionSheet.swift */,
				5FB02EE52B57B683007AEACB /* ActionSheet2.swift */,
			);
			path = ActionSheet;
			sourceTree = "<group>";
		};
		5FD5C9432B6CC42E00A3E453 /* TODO List APP */ = {
			isa = PBXGroup;
			children = (
				5FD5C9482B6CC94100A3E453 /* VIew */,
				5FD5C9442B6CC81A00A3E453 /* Todolist.swift */,
			);
			path = "TODO List APP";
			sourceTree = "<group>";
		};
		5FD5C9482B6CC94100A3E453 /* VIew */ = {
			isa = PBXGroup;
			children = (
				5FD5C9462B6CC93500A3E453 /* ListView.swift */,
			);
			path = VIew;
			sourceTree = "<group>";
		};
		5FFAF35B2B554D7F004F9DDC = {
			isa = PBXGroup;
			children = (
				5FFAF3662B554D7F004F9DDC /* 100DaysOfSwiftUI */,
				5FFAF3652B554D7F004F9DDC /* Products */,
			);
			sourceTree = "<group>";
		};
		5FFAF3652B554D7F004F9DDC /* Products */ = {
			isa = PBXGroup;
			children = (
				5FFAF3642B554D7F004F9DDC /* 100DaysOfSwiftUI.app */,
			);
			name = Products;
			sourceTree = "<group>";
		};
		5FFAF3662B554D7F004F9DDC /* 100DaysOfSwiftUI */ = {
			isa = PBXGroup;
			children = (
				5FD5C9432B6CC42E00A3E453 /* TODO List APP */,
				5F1B5AAD2B67AE5E00A8F73D /* NavigationStack */,
				5F1B5AAA2B67A8FD00A8F73D /* @observableObject */,
				5F196FD02B59038F00E3D660 /* Accessibility */,
				5FB02EE22B57B525007AEACB /* ActionSheet */,
				5FFAF3772B555043004F9DDC /* Alerts */,
				5FFAF3672B554D7F004F9DDC /* SwiftUIApp.swift */,
				5FFAF3692B554D7F004F9DDC /* ContentView.swift */,
				5FFAF36B2B554D81004F9DDC /* Assets.xcassets */,
				5FFAF36D2B554D81004F9DDC /* Preview Content */,
			);
			path = 100DaysOfSwiftUI;
			sourceTree = "<group>";
		};
		5FFAF36D2B554D81004F9DDC /* Preview Content */ = {
			isa = PBXGroup;
			children = (
				5FFAF36E2B554D81004F9DDC /* Preview Assets.xcassets */,
			);
			path = "Preview Content";
			sourceTree = "<group>";
		};
		5FFAF3772B555043004F9DDC /* Alerts */ = {
			isa = PBXGroup;
			children = (
				5FFAF3752B55502A004F9DDC /* AlertAction.swift */,
				5F343A8D2B56889B0032E8A4 /* AlertActionButton.swift */,
			);
			path = Alerts;
			sourceTree = "<group>";
		};
/* End PBXGroup section */

/* Begin PBXNativeTarget section */
		5FFAF3632B554D7F004F9DDC /* 100DaysOfSwiftUI */ = {
			isa = PBXNativeTarget;
			buildConfigurationList = 5FFAF3722B554D81004F9DDC /* Build configuration list for PBXNativeTarget "100DaysOfSwiftUI" */;
			buildPhases = (
				5FFAF3602B554D7F004F9DDC /* Sources */,
				5FFAF3612B554D7F004F9DDC /* Frameworks */,
				5FFAF3622B554D7F004F9DDC /* Resources */,
			);
			buildRules = (
			);
			dependencies = (
			);
			name = 100DaysOfSwiftUI;
			productName = 100DaysOfSwiftUI;
			productReference = 5FFAF3642B554D7F004F9DDC /* 100DaysOfSwiftUI.app */;
			productType = "com.apple.product-type.application";
		};
/* End PBXNativeTarget section */

/* Begin PBXProject section */
		5FFAF35C2B554D7F004F9DDC /* Project object */ = {
			isa = PBXProject;
			attributes = {
				BuildIndependentTargetsInParallel = 1;
				LastSwiftUpdateCheck = 1500;
				LastUpgradeCheck = 1500;
				TargetAttributes = {
					5FFAF3632B554D7F004F9DDC = {
						CreatedOnToolsVersion = 15.0.1;
					};
				};
			};
			buildConfigurationList = 5FFAF35F2B554D7F004F9DDC /* Build configuration list for PBXProject "100DaysOfSwiftUI" */;
			compatibilityVersion = "Xcode 14.0";
			developmentRegion = en;
			hasScannedForEncodings = 0;
			knownRegions = (
				en,
				Base,
			);
			mainGroup = 5FFAF35B2B554D7F004F9DDC;
			productRefGroup = 5FFAF3652B554D7F004F9DDC /* Products */;
			projectDirPath = "";
			projectRoot = "";
			targets = (
				5FFAF3632B554D7F004F9DDC /* 100DaysOfSwiftUI */,
			);
		};
/* End PBXProject section */

/* Begin PBXResourcesBuildPhase section */
		5FFAF3622B554D7F004F9DDC /* Resources */ = {
			isa = PBXResourcesBuildPhase;
			buildActionMask = 2147483647;
			files = (
				5FFAF36F2B554D81004F9DDC /* Preview Assets.xcassets in Resources */,
				5FFAF36C2B554D81004F9DDC /* Assets.xcassets in Resources */,
			);
			runOnlyForDeploymentPostprocessing = 0;
		};
/* End PBXResourcesBuildPhase section */

/* Begin PBXSourcesBuildPhase section */
		5FFAF3602B554D7F004F9DDC /* Sources */ = {
			isa = PBXSourcesBuildPhase;
			buildActionMask = 2147483647;
			files = (
				5FFAF3762B55502A004F9DDC /* AlertAction.swift in Sources */,
				5F196FD22B59042300E3D660 /* AccessibilityText.swift in Sources */,
				5F343A8E2B56889B0032E8A4 /* AlertActionButton.swift in Sources */,
				5F1B5AB32B67B8E400A8F73D /* NaviDestinationForBoolean.swift in Sources */,
				5F1B5AB12B67B7BB00A8F73D /* NaviDestination.swift in Sources */,
				5F1B5AAF2B67AEB500A8F73D /* NaviStack.swift in Sources */,
				5FB02EE62B57B683007AEACB /* ActionSheet2.swift in Sources */,
				5FD5C9452B6CC81A00A3E453 /* Todolist.swift in Sources */,
				5FD5C9472B6CC93500A3E453 /* ListView.swift in Sources */,
				5FFAF36A2B554D7F004F9DDC /* ContentView.swift in Sources */,
				5FB02EE42B57B55F007AEACB /* ActionSheet.swift in Sources */,
				5FFAF3682B554D7F004F9DDC /* SwiftUIApp.swift in Sources */,
			);
			runOnlyForDeploymentPostprocessing = 0;
		};
/* End PBXSourcesBuildPhase section */

/* Begin XCBuildConfiguration section */
		5FFAF3702B554D81004F9DDC /* Debug */ = {
			isa = XCBuildConfiguration;
			buildSettings = {
				ALWAYS_SEARCH_USER_PATHS = NO;
				ASSETCATALOG_COMPILER_GENERATE_SWIFT_ASSET_SYMBOL_EXTENSIONS = YES;
				CLANG_ANALYZER_NONNULL = YES;
				CLANG_ANALYZER_NUMBER_OBJECT_CONVERSION = YES_AGGRESSIVE;
				CLANG_CXX_LANGUAGE_STANDARD = "gnu++20";
				CLANG_ENABLE_MODULES = YES;
				CLANG_ENABLE_OBJC_ARC = YES;
				CLANG_ENABLE_OBJC_WEAK = YES;
				CLANG_WARN_BLOCK_CAPTURE_AUTORELEASING = YES;
				CLANG_WARN_BOOL_CONVERSION = YES;
				CLANG_WARN_COMMA = YES;
				CLANG_WARN_CONSTANT_CONVERSION = YES;
				CLANG_WARN_DEPRECATED_OBJC_IMPLEMENTATIONS = YES;
				CLANG_WARN_DIRECT_OBJC_ISA_USAGE = YES_ERROR;
				CLANG_WARN_DOCUMENTATION_COMMENTS = YES;
				CLANG_WARN_EMPTY_BODY = YES;
				CLANG_WARN_ENUM_CONVERSION = YES;
				CLANG_WARN_INFINITE_RECURSION = YES;
				CLANG_WARN_INT_CONVERSION = YES;
				CLANG_WARN_NON_LITERAL_NULL_CONVERSION = YES;
				CLANG_WARN_OBJC_IMPLICIT_RETAIN_SELF = YES;
				CLANG_WARN_OBJC_LITERAL_CONVERSION = YES;
				CLANG_WARN_OBJC_ROOT_CLASS = YES_ERROR;
				CLANG_WARN_QUOTED_INCLUDE_IN_FRAMEWORK_HEADER = YES;
				CLANG_WARN_RANGE_LOOP_ANALYSIS = YES;
				CLANG_WARN_STRICT_PROTOTYPES = YES;
				CLANG_WARN_SUSPICIOUS_MOVE = YES;
				CLANG_WARN_UNGUARDED_AVAILABILITY = YES_AGGRESSIVE;
				CLANG_WARN_UNREACHABLE_CODE = YES;
				CLANG_WARN__DUPLICATE_METHOD_MATCH = YES;
				COPY_PHASE_STRIP = NO;
				DEBUG_INFORMATION_FORMAT = dwarf;
				ENABLE_STRICT_OBJC_MSGSEND = YES;
				ENABLE_TESTABILITY = YES;
				ENABLE_USER_SCRIPT_SANDBOXING = YES;
				GCC_C_LANGUAGE_STANDARD = gnu17;
				GCC_DYNAMIC_NO_PIC = NO;
				GCC_NO_COMMON_BLOCKS = YES;
				GCC_OPTIMIZATION_LEVEL = 0;
				GCC_PREPROCESSOR_DEFINITIONS = (
					"DEBUG=1",
					"$(inherited)",
				);
				GCC_WARN_64_TO_32_BIT_CONVERSION = YES;
				GCC_WARN_ABOUT_RETURN_TYPE = YES_ERROR;
				GCC_WARN_UNDECLARED_SELECTOR = YES;
				GCC_WARN_UNINITIALIZED_AUTOS = YES_AGGRESSIVE;
				GCC_WARN_UNUSED_FUNCTION = YES;
				GCC_WARN_UNUSED_VARIABLE = YES;
				IPHONEOS_DEPLOYMENT_TARGET = 17.0;
				LOCALIZATION_PREFERS_STRING_CATALOGS = YES;
				MTL_ENABLE_DEBUG_INFO = INCLUDE_SOURCE;
				MTL_FAST_MATH = YES;
				ONLY_ACTIVE_ARCH = YES;
				SDKROOT = iphoneos;
				SWIFT_ACTIVE_COMPILATION_CONDITIONS = "DEBUG $(inherited)";
				SWIFT_OPTIMIZATION_LEVEL = "-Onone";
			};
			name = Debug;
		};
		5FFAF3712B554D81004F9DDC /* Release */ = {
			isa = XCBuildConfiguration;
			buildSettings = {
				ALWAYS_SEARCH_USER_PATHS = NO;
				ASSETCATALOG_COMPILER_GENERATE_SWIFT_ASSET_SYMBOL_EXTENSIONS = YES;
				CLANG_ANALYZER_NONNULL = YES;
				CLANG_ANALYZER_NUMBER_OBJECT_CONVERSION = YES_AGGRESSIVE;
				CLANG_CXX_LANGUAGE_STANDARD = "gnu++20";
				CLANG_ENABLE_MODULES = YES;
				CLANG_ENABLE_OBJC_ARC = YES;
				CLANG_ENABLE_OBJC_WEAK = YES;
				CLANG_WARN_BLOCK_CAPTURE_AUTORELEASING = YES;
				CLANG_WARN_BOOL_CONVERSION = YES;
				CLANG_WARN_COMMA = YES;
				CLANG_WARN_CONSTANT_CONVERSION = YES;
				CLANG_WARN_DEPRECATED_OBJC_IMPLEMENTATIONS = YES;
				CLANG_WARN_DIRECT_OBJC_ISA_USAGE = YES_ERROR;
				CLANG_WARN_DOCUMENTATION_COMMENTS = YES;
				CLANG_WARN_EMPTY_BODY = YES;
				CLANG_WARN_ENUM_CONVERSION = YES;
				CLANG_WARN_INFINITE_RECURSION = YES;
				CLANG_WARN_INT_CONVERSION = YES;
				CLANG_WARN_NON_LITERAL_NULL_CONVERSION = YES;
				CLANG_WARN_OBJC_IMPLICIT_RETAIN_SELF = YES;
				CLANG_WARN_OBJC_LITERAL_CONVERSION = YES;
				CLANG_WARN_OBJC_ROOT_CLASS = YES_ERROR;
				CLANG_WARN_QUOTED_INCLUDE_IN_FRAMEWORK_HEADER = YES;
				CLANG_WARN_RANGE_LOOP_ANALYSIS = YES;
				CLANG_WARN_STRICT_PROTOTYPES = YES;
				CLANG_WARN_SUSPICIOUS_MOVE = YES;
				CLANG_WARN_UNGUARDED_AVAILABILITY = YES_AGGRESSIVE;
				CLANG_WARN_UNREACHABLE_CODE = YES;
				CLANG_WARN__DUPLICATE_METHOD_MATCH = YES;
				COPY_PHASE_STRIP = NO;
				DEBUG_INFORMATION_FORMAT = "dwarf-with-dsym";
				ENABLE_NS_ASSERTIONS = NO;
				ENABLE_STRICT_OBJC_MSGSEND = YES;
				ENABLE_USER_SCRIPT_SANDBOXING = YES;
				GCC_C_LANGUAGE_STANDARD = gnu17;
				GCC_NO_COMMON_BLOCKS = YES;
				GCC_WARN_64_TO_32_BIT_CONVERSION = YES;
				GCC_WARN_ABOUT_RETURN_TYPE = YES_ERROR;
				GCC_WARN_UNDECLARED_SELECTOR = YES;
				GCC_WARN_UNINITIALIZED_AUTOS = YES_AGGRESSIVE;
				GCC_WARN_UNUSED_FUNCTION = YES;
				GCC_WARN_UNUSED_VARIABLE = YES;
				IPHONEOS_DEPLOYMENT_TARGET = 17.0;
				LOCALIZATION_PREFERS_STRING_CATALOGS = YES;
				MTL_ENABLE_DEBUG_INFO = NO;
				MTL_FAST_MATH = YES;
				SDKROOT = iphoneos;
				SWIFT_COMPILATION_MODE = wholemodule;
				VALIDATE_PRODUCT = YES;
			};
			name = Release;
		};
		5FFAF3732B554D81004F9DDC /* Debug */ = {
			isa = XCBuildConfiguration;
			buildSettings = {
				ASSETCATALOG_COMPILER_APPICON_NAME = AppIcon;
				ASSETCATALOG_COMPILER_GLOBAL_ACCENT_COLOR_NAME = AccentColor;
				CODE_SIGN_STYLE = Automatic;
				CURRENT_PROJECT_VERSION = 1;
				DEVELOPMENT_ASSET_PATHS = "\"100DaysOfSwiftUI/Preview Content\"";
				DEVELOPMENT_TEAM = T37U8PA553;
				ENABLE_PREVIEWS = YES;
				GENERATE_INFOPLIST_FILE = YES;
				INFOPLIST_KEY_UIApplicationSceneManifest_Generation = YES;
				INFOPLIST_KEY_UIApplicationSupportsIndirectInputEvents = YES;
				INFOPLIST_KEY_UILaunchScreen_Generation = YES;
				INFOPLIST_KEY_UISupportedInterfaceOrientations_iPad = "UIInterfaceOrientationPortrait UIInterfaceOrientationPortraitUpsideDown UIInterfaceOrientationLandscapeLeft UIInterfaceOrientationLandscapeRight";
				INFOPLIST_KEY_UISupportedInterfaceOrientations_iPhone = "UIInterfaceOrientationPortrait UIInterfaceOrientationLandscapeLeft UIInterfaceOrientationLandscapeRight";
				LD_RUNPATH_SEARCH_PATHS = (
					"$(inherited)",
					"@executable_path/Frameworks",
				);
				MARKETING_VERSION = 1.0;
				PRODUCT_BUNDLE_IDENTIFIER = "com.vaishnavi.-00DaysOfSwiftUI";
				PRODUCT_NAME = "$(TARGET_NAME)";
				SWIFT_EMIT_LOC_STRINGS = YES;
				SWIFT_VERSION = 5.0;
				TARGETED_DEVICE_FAMILY = "1,2";
			};
			name = Debug;
		};
		5FFAF3742B554D81004F9DDC /* Release */ = {
			isa = XCBuildConfiguration;
			buildSettings = {
				ASSETCATALOG_COMPILER_APPICON_NAME = AppIcon;
				ASSETCATALOG_COMPILER_GLOBAL_ACCENT_COLOR_NAME = AccentColor;
				CODE_SIGN_STYLE = Automatic;
				CURRENT_PROJECT_VERSION = 1;
				DEVELOPMENT_ASSET_PATHS = "\"100DaysOfSwiftUI/Preview Content\"";
				DEVELOPMENT_TEAM = T37U8PA553;
				ENABLE_PREVIEWS = YES;
				GENERATE_INFOPLIST_FILE = YES;
				INFOPLIST_KEY_UIApplicationSceneManifest_Generation = YES;
				INFOPLIST_KEY_UIApplicationSupportsIndirectInputEvents = YES;
				INFOPLIST_KEY_UILaunchScreen_Generation = YES;
				INFOPLIST_KEY_UISupportedInterfaceOrientations_iPad = "UIInterfaceOrientationPortrait UIInterfaceOrientationPortraitUpsideDown UIInterfaceOrientationLandscapeLeft UIInterfaceOrientationLandscapeRight";
				INFOPLIST_KEY_UISupportedInterfaceOrientations_iPhone = "UIInterfaceOrientationPortrait UIInterfaceOrientationLandscapeLeft UIInterfaceOrientationLandscapeRight";
				LD_RUNPATH_SEARCH_PATHS = (
					"$(inherited)",
					"@executable_path/Frameworks",
				);
				MARKETING_VERSION = 1.0;
				PRODUCT_BUNDLE_IDENTIFIER = "com.vaishnavi.-00DaysOfSwiftUI";
				PRODUCT_NAME = "$(TARGET_NAME)";
				SWIFT_EMIT_LOC_STRINGS = YES;
				SWIFT_VERSION = 5.0;
				TARGETED_DEVICE_FAMILY = "1,2";
			};
			name = Release;
		};
/* End XCBuildConfiguration section */

/* Begin XCConfigurationList section */
		5FFAF35F2B554D7F004F9DDC /* Build configuration list for PBXProject "100DaysOfSwiftUI" */ = {
			isa = XCConfigurationList;
			buildConfigurations = (
				5FFAF3702B554D81004F9DDC /* Debug */,
				5FFAF3712B554D81004F9DDC /* Release */,
			);
			defaultConfigurationIsVisible = 0;
			defaultConfigurationName = Release;
		};
		5FFAF3722B554D81004F9DDC /* Build configuration list for PBXNativeTarget "100DaysOfSwiftUI" */ = {
			isa = XCConfigurationList;
			buildConfigurations = (
				5FFAF3732B554D81004F9DDC /* Debug */,
				5FFAF3742B554D81004F9DDC /* Release */,
			);
			defaultConfigurationIsVisible = 0;
			defaultConfigurationName = Release;
		};
/* End XCConfigurationList section */
	};
	rootObject = 5FFAF35C2B554D7F004F9DDC /* Project object */;
}
